{
  "name": "milwaukee-foundation",
  "version": "0.0.1",
  "lockfileVersion": 3,
  "requires": true,
  "packages": {
    "": {
      "name": "milwaukee-foundation",
      "version": "0.0.1",
      "license": "MIT",
      "dependencies": {
        "dotenv": "^17.2.3"
      },
      "devDependencies": {
        "ormond-tdd": "^0.6.7"
      }
    },
    "../../ormond/tdd": {
      "name": "ormond-tdd",
      "version": "0.6.6",
      "extraneous": true,
      "license": "MIT",
      "dependencies": {
        "chokidar": "^4.0.3"
      },
      "bin": {
        "ormond": "index.js"
      }
    },
    "node_modules/chokidar": {
      "version": "4.0.3",
      "resolved": "https://registry.npmjs.org/chokidar/-/chokidar-4.0.3.tgz",
      "integrity": "sha512-Qgzu8kfBvo+cA4962jnP1KkS6Dop5NS6g7R5LFYJr4b8Ub94PPQXUksCw9PvXoeXPRRddRNC5C1JQUR2SMGtnA==",
      "dev": true,
      "license": "MIT",
      "dependencies": {
        "readdirp": "^4.0.1"
      },
      "engines": {
        "node": ">= 14.16.0"
      },
      "funding": {
        "url": "https://paulmillr.com/funding/"
      }
    },
    "node_modules/dotenv": {
      "version": "17.2.3",
      "resolved": "https://registry.npmjs.org/dotenv/-/dotenv-17.2.3.tgz",
      "integrity": "sha512-JVUnt+DUIzu87TABbhPmNfVdBDt18BLOWjMUFJMSi/Qqg7NTYtabbvSNJGOJ7afbRuv9D/lngizHtP7QyLQ+9w==",
      "license": "BSD-2-Clause",
      "engines": {
        "node": ">=12"
      },
      "funding": {
        "url": "https://dotenvx.com"
      }
    },
    "node_modules/ormond-tdd": {
      "version": "0.6.7",
      "resolved": "https://registry.npmjs.org/ormond-tdd/-/ormond-tdd-0.6.7.tgz",
      "integrity": "sha512-CkAR37Ax+7TTWIrrnvIJ2JfT80v8UsRpqI1cE45nGHtIsRnnybDzF7BjoQ5zMw7ETsjZ+JtR1N0SlRnzKiiO6A==",
      "dev": true,
      "license": "MIT",
      "dependencies": {
        "chokidar": "^4.0.3"
      },
      "bin": {
        "ormond": "index.js"
      }
    },
    "node_modules/readdirp": {
      "version": "4.1.2",
      "resolved": "https://registry.npmjs.org/readdirp/-/readdirp-4.1.2.tgz",
      "integrity": "sha512-GDhwkLfywWL2s6vEjyhri+eXmfH6j1L7JE27WhqLeYzoh/A3DBaYGEj2H/HFZCn/kMfim73FXxEJTw06WtxQwg==",
      "dev": true,
      "license": "MIT",
      "engines": {
        "node": ">= 14.18.0"
      },
      "funding": {
        "type": "individual",
        "url": "https://paulmillr.com/funding/"
      }
    }
  }
}
